// !$*UTF8*$!
{
	archiveVersion = 1;
	classes = {
	};
	objectVersion = 56;
	objects = {

/* Begin PBXBuildFile section */
		C930FCBE2B3C51FB00D106E4 /* AppDelegate.swift in Sources */ = {isa = PBXBuildFile; fileRef = C930FCBD2B3C51FB00D106E4 /* AppDelegate.swift */; };
		C930FCC72B3C51FC00D106E4 /* Assets.xcassets in Resources */ = {isa = PBXBuildFile; fileRef = C930FCC62B3C51FC00D106E4 /* Assets.xcassets */; };
		C930FCCA2B3C51FC00D106E4 /* LaunchScreen.storyboard in Resources */ = {isa = PBXBuildFile; fileRef = C930FCC82B3C51FC00D106E4 /* LaunchScreen.storyboard */; };
		C930FCDF2B3C51FC00D106E4 /* WeatherAppUITests.swift in Sources */ = {isa = PBXBuildFile; fileRef = C930FCDE2B3C51FC00D106E4 /* WeatherAppUITests.swift */; };
		C930FCE12B3C51FC00D106E4 /* WeatherAppUITestsLaunchTests.swift in Sources */ = {isa = PBXBuildFile; fileRef = C930FCE02B3C51FC00D106E4 /* WeatherAppUITestsLaunchTests.swift */; };
		C930FCF32B3C53EB00D106E4 /* DashboardViewController.swift in Sources */ = {isa = PBXBuildFile; fileRef = C930FCF22B3C53EB00D106E4 /* DashboardViewController.swift */; };
		C930FCFF2B3C76E700D106E4 /* Constants.swift in Sources */ = {isa = PBXBuildFile; fileRef = C930FCFE2B3C76E700D106E4 /* Constants.swift */; };
		C930FD082B3C81ED00D106E4 /* DashboardViewModel.swift in Sources */ = {isa = PBXBuildFile; fileRef = C930FD072B3C81ED00D106E4 /* DashboardViewModel.swift */; };
		C930FD0D2B3C909E00D106E4 /* DashboardFeaturesTests.swift in Sources */ = {isa = PBXBuildFile; fileRef = C930FD0C2B3C909E00D106E4 /* DashboardFeaturesTests.swift */; };
		C930FD0F2B3D11FE00D106E4 /* Weather.swift in Sources */ = {isa = PBXBuildFile; fileRef = C930FD0E2B3D11FE00D106E4 /* Weather.swift */; };
		C930FD122B3D167200D106E4 /* WeatherServices.swift in Sources */ = {isa = PBXBuildFile; fileRef = C930FD112B3D167200D106E4 /* WeatherServices.swift */; };
		C930FD152B3D4FDE00D106E4 /* Errors.swift in Sources */ = {isa = PBXBuildFile; fileRef = C930FD142B3D4FDE00D106E4 /* Errors.swift */; };
		C930FD172B3D55A700D106E4 /* UIImageExtensions.swift in Sources */ = {isa = PBXBuildFile; fileRef = C930FD162B3D55A700D106E4 /* UIImageExtensions.swift */; };
		C930FD212B3D936E00D106E4 /* DashboardTableViewCell.swift in Sources */ = {isa = PBXBuildFile; fileRef = C930FD202B3D936E00D106E4 /* DashboardTableViewCell.swift */; };
		C930FD232B3DABAF00D106E4 /* DataPersistence.swift in Sources */ = {isa = PBXBuildFile; fileRef = C930FD222B3DABAF00D106E4 /* DataPersistence.swift */; };
		C930FD252B3DBEB500D106E4 /* CityDetailsViewController.swift in Sources */ = {isa = PBXBuildFile; fileRef = C930FD242B3DBEB500D106E4 /* CityDetailsViewController.swift */; };
		C930FD272B3DC0B900D106E4 /* CityDetailsViewModel.swift in Sources */ = {isa = PBXBuildFile; fileRef = C930FD262B3DC0B900D106E4 /* CityDetailsViewModel.swift */; };
		C930FD2A2B3DDD0200D106E4 /* CityDetailsTests.swift in Sources */ = {isa = PBXBuildFile; fileRef = C930FD292B3DDD0200D106E4 /* CityDetailsTests.swift */; };
		C930FD2C2B3DDFAB00D106E4 /* MockJSON.json in Resources */ = {isa = PBXBuildFile; fileRef = C930FD2B2B3DDFAB00D106E4 /* MockJSON.json */; };
		C930FD302B416EDB00D106E4 /* CityList.swift in Sources */ = {isa = PBXBuildFile; fileRef = C930FD2F2B416EDB00D106E4 /* CityList.swift */; };
		C9372D1F2B47DBC7009C0449 /* StubFailureJSON.json in Resources */ = {isa = PBXBuildFile; fileRef = C9372D1E2B47DBC7009C0449 /* StubFailureJSON.json */; };
		C9A370542B46410B0090F4C4 /* MockServices.swift in Sources */ = {isa = PBXBuildFile; fileRef = C9A370532B46410B0090F4C4 /* MockServices.swift */; };
		C9A370572B4653BC0090F4C4 /* MockURLProtocol.swift in Sources */ = {isa = PBXBuildFile; fileRef = C9A370562B4653BC0090F4C4 /* MockURLProtocol.swift */; };
		C9A3705E2B4657F70090F4C4 /* MockWeather.swift in Sources */ = {isa = PBXBuildFile; fileRef = C9A3705D2B4657F70090F4C4 /* MockWeather.swift */; };
		C9A370612B4659590090F4C4 /* MockServiceCall.swift in Sources */ = {isa = PBXBuildFile; fileRef = C9A370602B4659590090F4C4 /* MockServiceCall.swift */; };
		C9A370632B465CB00090F4C4 /* DashboardServicesTests.swift in Sources */ = {isa = PBXBuildFile; fileRef = C9A370622B465CB00090F4C4 /* DashboardServicesTests.swift */; };
		C9B6AD9A2B47B3170096F869 /* Utilities.swift in Sources */ = {isa = PBXBuildFile; fileRef = C9B6AD992B47B3170096F869 /* Utilities.swift */; };
/* End PBXBuildFile section */

/* Begin PBXContainerItemProxy section */
		C930FCD12B3C51FC00D106E4 /* PBXContainerItemProxy */ = {
			isa = PBXContainerItemProxy;
			containerPortal = C930FCB22B3C51FB00D106E4 /* Project object */;
			proxyType = 1;
			remoteGlobalIDString = C930FCB92B3C51FB00D106E4;
			remoteInfo = WeatherApp;
		};
		C930FCDB2B3C51FC00D106E4 /* PBXContainerItemProxy */ = {
			isa = PBXContainerItemProxy;
			containerPortal = C930FCB22B3C51FB00D106E4 /* Project object */;
			proxyType = 1;
			remoteGlobalIDString = C930FCB92B3C51FB00D106E4;
			remoteInfo = WeatherApp;
		};
/* End PBXContainerItemProxy section */

/* Begin PBXFileReference section */
		C930FCBA2B3C51FB00D106E4 /* WeatherApp.app */ = {isa = PBXFileReference; explicitFileType = wrapper.application; includeInIndex = 0; path = WeatherApp.app; sourceTree = BUILT_PRODUCTS_DIR; };
		C930FCBD2B3C51FB00D106E4 /* AppDelegate.swift */ = {isa = PBXFileReference; lastKnownFileType = sourcecode.swift; path = AppDelegate.swift; sourceTree = "<group>"; };
		C930FCBF2B3C51FB00D106E4 /* SceneDelegate.swift */ = {isa = PBXFileReference; lastKnownFileType = sourcecode.swift; path = SceneDelegate.swift; sourceTree = "<group>"; };
		C930FCC62B3C51FC00D106E4 /* Assets.xcassets */ = {isa = PBXFileReference; lastKnownFileType = folder.assetcatalog; path = Assets.xcassets; sourceTree = "<group>"; };
		C930FCC92B3C51FC00D106E4 /* Base */ = {isa = PBXFileReference; lastKnownFileType = file.storyboard; name = Base; path = Base.lproj/LaunchScreen.storyboard; sourceTree = "<group>"; };
		C930FCCB2B3C51FC00D106E4 /* Info.plist */ = {isa = PBXFileReference; lastKnownFileType = text.plist.xml; path = Info.plist; sourceTree = "<group>"; };
		C930FCD02B3C51FC00D106E4 /* WeatherAppTests.xctest */ = {isa = PBXFileReference; explicitFileType = wrapper.cfbundle; includeInIndex = 0; path = WeatherAppTests.xctest; sourceTree = BUILT_PRODUCTS_DIR; };
		C930FCDA2B3C51FC00D106E4 /* WeatherAppUITests.xctest */ = {isa = PBXFileReference; explicitFileType = wrapper.cfbundle; includeInIndex = 0; path = WeatherAppUITests.xctest; sourceTree = BUILT_PRODUCTS_DIR; };
		C930FCDE2B3C51FC00D106E4 /* WeatherAppUITests.swift */ = {isa = PBXFileReference; lastKnownFileType = sourcecode.swift; path = WeatherAppUITests.swift; sourceTree = "<group>"; };
		C930FCE02B3C51FC00D106E4 /* WeatherAppUITestsLaunchTests.swift */ = {isa = PBXFileReference; lastKnownFileType = sourcecode.swift; path = WeatherAppUITestsLaunchTests.swift; sourceTree = "<group>"; };
		C930FCF22B3C53EB00D106E4 /* DashboardViewController.swift */ = {isa = PBXFileReference; lastKnownFileType = sourcecode.swift; path = DashboardViewController.swift; sourceTree = "<group>"; };
		C930FCFE2B3C76E700D106E4 /* Constants.swift */ = {isa = PBXFileReference; lastKnownFileType = sourcecode.swift; path = Constants.swift; sourceTree = "<group>"; };
		C930FD072B3C81ED00D106E4 /* DashboardViewModel.swift */ = {isa = PBXFileReference; lastKnownFileType = sourcecode.swift; path = DashboardViewModel.swift; sourceTree = "<group>"; };
		C930FD0C2B3C909E00D106E4 /* DashboardFeaturesTests.swift */ = {isa = PBXFileReference; lastKnownFileType = sourcecode.swift; path = DashboardFeaturesTests.swift; sourceTree = "<group>"; };
		C930FD0E2B3D11FE00D106E4 /* Weather.swift */ = {isa = PBXFileReference; lastKnownFileType = sourcecode.swift; path = Weather.swift; sourceTree = "<group>"; };
		C930FD112B3D167200D106E4 /* WeatherServices.swift */ = {isa = PBXFileReference; lastKnownFileType = sourcecode.swift; path = WeatherServices.swift; sourceTree = "<group>"; };
		C930FD142B3D4FDE00D106E4 /* Errors.swift */ = {isa = PBXFileReference; lastKnownFileType = sourcecode.swift; path = Errors.swift; sourceTree = "<group>"; };
		C930FD162B3D55A700D106E4 /* UIImageExtensions.swift */ = {isa = PBXFileReference; lastKnownFileType = sourcecode.swift; path = UIImageExtensions.swift; sourceTree = "<group>"; };
		C930FD202B3D936E00D106E4 /* DashboardTableViewCell.swift */ = {isa = PBXFileReference; lastKnownFileType = sourcecode.swift; path = DashboardTableViewCell.swift; sourceTree = "<group>"; };
		C930FD222B3DABAF00D106E4 /* DataPersistence.swift */ = {isa = PBXFileReference; lastKnownFileType = sourcecode.swift; path = DataPersistence.swift; sourceTree = "<group>"; };
		C930FD242B3DBEB500D106E4 /* CityDetailsViewController.swift */ = {isa = PBXFileReference; lastKnownFileType = sourcecode.swift; path = CityDetailsViewController.swift; sourceTree = "<group>"; };
		C930FD262B3DC0B900D106E4 /* CityDetailsViewModel.swift */ = {isa = PBXFileReference; lastKnownFileType = sourcecode.swift; path = CityDetailsViewModel.swift; sourceTree = "<group>"; };
		C930FD292B3DDD0200D106E4 /* CityDetailsTests.swift */ = {isa = PBXFileReference; lastKnownFileType = sourcecode.swift; path = CityDetailsTests.swift; sourceTree = "<group>"; };
		C930FD2B2B3DDFAB00D106E4 /* MockJSON.json */ = {isa = PBXFileReference; lastKnownFileType = text.json; path = MockJSON.json; sourceTree = "<group>"; };
		C930FD2F2B416EDB00D106E4 /* CityList.swift */ = {isa = PBXFileReference; lastKnownFileType = sourcecode.swift; path = CityList.swift; sourceTree = "<group>"; };
		C9372D1E2B47DBC7009C0449 /* StubFailureJSON.json */ = {isa = PBXFileReference; lastKnownFileType = text.json; path = StubFailureJSON.json; sourceTree = "<group>"; };
		C9A370532B46410B0090F4C4 /* MockServices.swift */ = {isa = PBXFileReference; lastKnownFileType = sourcecode.swift; path = MockServices.swift; sourceTree = "<group>"; };
		C9A370562B4653BC0090F4C4 /* MockURLProtocol.swift */ = {isa = PBXFileReference; lastKnownFileType = sourcecode.swift; path = MockURLProtocol.swift; sourceTree = "<group>"; };
		C9A3705D2B4657F70090F4C4 /* MockWeather.swift */ = {isa = PBXFileReference; lastKnownFileType = sourcecode.swift; path = MockWeather.swift; sourceTree = "<group>"; };
		C9A370602B4659590090F4C4 /* MockServiceCall.swift */ = {isa = PBXFileReference; lastKnownFileType = sourcecode.swift; path = MockServiceCall.swift; sourceTree = "<group>"; };
		C9A370622B465CB00090F4C4 /* DashboardServicesTests.swift */ = {isa = PBXFileReference; lastKnownFileType = sourcecode.swift; path = DashboardServicesTests.swift; sourceTree = "<group>"; };
		C9B6AD992B47B3170096F869 /* Utilities.swift */ = {isa = PBXFileReference; lastKnownFileType = sourcecode.swift; path = Utilities.swift; sourceTree = "<group>"; };
/* End PBXFileReference section */

/* Begin PBXFrameworksBuildPhase section */
		C930FCB72B3C51FB00D106E4 /* Frameworks */ = {
			isa = PBXFrameworksBuildPhase;
			buildActionMask = 2147483647;
			files = (
			);
			runOnlyForDeploymentPostprocessing = 0;
		};
		C930FCCD2B3C51FC00D106E4 /* Frameworks */ = {
			isa = PBXFrameworksBuildPhase;
			buildActionMask = 2147483647;
			files = (
			);
			runOnlyForDeploymentPostprocessing = 0;
		};
		C930FCD72B3C51FC00D106E4 /* Frameworks */ = {
			isa = PBXFrameworksBuildPhase;
			buildActionMask = 2147483647;
			files = (
			);
			runOnlyForDeploymentPostprocessing = 0;
		};
/* End PBXFrameworksBuildPhase section */

/* Begin PBXGroup section */
		C930FCB12B3C51FB00D106E4 = {
			isa = PBXGroup;
			children = (
				C930FCBC2B3C51FB00D106E4 /* WeatherApp */,
				C930FCD32B3C51FC00D106E4 /* WeatherAppTests */,
				C930FCDD2B3C51FC00D106E4 /* WeatherAppUITests */,
				C930FCBB2B3C51FB00D106E4 /* Products */,
			);
			sourceTree = "<group>";
		};
		C930FCBB2B3C51FB00D106E4 /* Products */ = {
			isa = PBXGroup;
			children = (
				C930FCBA2B3C51FB00D106E4 /* WeatherApp.app */,
				C930FCD02B3C51FC00D106E4 /* WeatherAppTests.xctest */,
				C930FCDA2B3C51FC00D106E4 /* WeatherAppUITests.xctest */,
			);
			name = Products;
			sourceTree = "<group>";
		};
		C930FCBC2B3C51FB00D106E4 /* WeatherApp */ = {
			isa = PBXGroup;
			children = (
				C930FCF82B3C5F3400D106E4 /* App */,
				C930FCF72B3C5F2000D106E4 /* Resources */,
				C930FCF62B3C5F1A00D106E4 /* Commons */,
				C930FCED2B3C52DD00D106E4 /* CoreFeatures */,
				C930FCCB2B3C51FC00D106E4 /* Info.plist */,
			);
			path = WeatherApp;
			sourceTree = "<group>";
		};
		C930FCD32B3C51FC00D106E4 /* WeatherAppTests */ = {
			isa = PBXGroup;
			children = (
				C9A370552B4653A60090F4C4 /* Mocks */,
				C930FD0C2B3C909E00D106E4 /* DashboardFeaturesTests.swift */,
				C9A370622B465CB00090F4C4 /* DashboardServicesTests.swift */,
				C930FD292B3DDD0200D106E4 /* CityDetailsTests.swift */,
				C9A370532B46410B0090F4C4 /* MockServices.swift */,
			);
			path = WeatherAppTests;
			sourceTree = "<group>";
		};
		C930FCDD2B3C51FC00D106E4 /* WeatherAppUITests */ = {
			isa = PBXGroup;
			children = (
				C930FCDE2B3C51FC00D106E4 /* WeatherAppUITests.swift */,
				C930FCE02B3C51FC00D106E4 /* WeatherAppUITestsLaunchTests.swift */,
			);
			path = WeatherAppUITests;
			sourceTree = "<group>";
		};
		C930FCED2B3C52DD00D106E4 /* CoreFeatures */ = {
			isa = PBXGroup;
			children = (
				C930FD132B3D4F7D00D106E4 /* Dashboard */,
			);
			path = CoreFeatures;
			sourceTree = "<group>";
		};
		C930FCEE2B3C536900D106E4 /* Models */ = {
			isa = PBXGroup;
			children = (
				C930FD0E2B3D11FE00D106E4 /* Weather.swift */,
			);
			path = Models;
			sourceTree = "<group>";
		};
		C930FCEF2B3C536F00D106E4 /* ViewControllers */ = {
			isa = PBXGroup;
			children = (
				C930FCF22B3C53EB00D106E4 /* DashboardViewController.swift */,
				C930FD242B3DBEB500D106E4 /* CityDetailsViewController.swift */,
			);
			path = ViewControllers;
			sourceTree = "<group>";
		};
		C930FCF02B3C537700D106E4 /* ViewModels */ = {
			isa = PBXGroup;
			children = (
				C930FD072B3C81ED00D106E4 /* DashboardViewModel.swift */,
				C930FD262B3DC0B900D106E4 /* CityDetailsViewModel.swift */,
			);
			path = ViewModels;
			sourceTree = "<group>";
		};
		C930FCF62B3C5F1A00D106E4 /* Commons */ = {
			isa = PBXGroup;
			children = (
				C930FCC82B3C51FC00D106E4 /* LaunchScreen.storyboard */,
				C930FD162B3D55A700D106E4 /* UIImageExtensions.swift */,
				C930FD222B3DABAF00D106E4 /* DataPersistence.swift */,
				C9B6AD992B47B3170096F869 /* Utilities.swift */,
			);
			path = Commons;
			sourceTree = "<group>";
		};
		C930FCF72B3C5F2000D106E4 /* Resources */ = {
			isa = PBXGroup;
			children = (
				C930FCC62B3C51FC00D106E4 /* Assets.xcassets */,
				C930FD2F2B416EDB00D106E4 /* CityList.swift */,
			);
			path = Resources;
			sourceTree = "<group>";
		};
		C930FCF82B3C5F3400D106E4 /* App */ = {
			isa = PBXGroup;
			children = (
				C930FCBF2B3C51FB00D106E4 /* SceneDelegate.swift */,
				C930FCBD2B3C51FB00D106E4 /* AppDelegate.swift */,
			);
			path = App;
			sourceTree = "<group>";
		};
		C930FD002B3C780E00D106E4 /* Views */ = {
			isa = PBXGroup;
			children = (
				C930FD202B3D936E00D106E4 /* DashboardTableViewCell.swift */,
			);
			path = Views;
			sourceTree = "<group>";
		};
		C930FD102B3D165100D106E4 /* Services */ = {
			isa = PBXGroup;
			children = (
				C930FCFE2B3C76E700D106E4 /* Constants.swift */,
				C930FD112B3D167200D106E4 /* WeatherServices.swift */,
				C930FD142B3D4FDE00D106E4 /* Errors.swift */,
			);
			path = Services;
			sourceTree = "<group>";
		};
		C930FD132B3D4F7D00D106E4 /* Dashboard */ = {
			isa = PBXGroup;
			children = (
				C930FD102B3D165100D106E4 /* Services */,
				C930FD002B3C780E00D106E4 /* Views */,
				C930FCF02B3C537700D106E4 /* ViewModels */,
				C930FCEF2B3C536F00D106E4 /* ViewControllers */,
				C930FCEE2B3C536900D106E4 /* Models */,
			);
			path = Dashboard;
			sourceTree = "<group>";
		};
		C9A370552B4653A60090F4C4 /* Mocks */ = {
			isa = PBXGroup;
			children = (
				C9A3705F2B4658280090F4C4 /* Models */,
				C9A370562B4653BC0090F4C4 /* MockURLProtocol.swift */,
				C9A370602B4659590090F4C4 /* MockServiceCall.swift */,
			);
			path = Mocks;
			sourceTree = "<group>";
		};
		C9A3705F2B4658280090F4C4 /* Models */ = {
			isa = PBXGroup;
			children = (
				C9A3705D2B4657F70090F4C4 /* MockWeather.swift */,
				C930FD2B2B3DDFAB00D106E4 /* MockJSON.json */,
				C9372D1E2B47DBC7009C0449 /* StubFailureJSON.json */,
			);
			path = Models;
			sourceTree = "<group>";
		};
/* End PBXGroup section */

/* Begin PBXNativeTarget section */
		C930FCB92B3C51FB00D106E4 /* WeatherApp */ = {
			isa = PBXNativeTarget;
			buildConfigurationList = C930FCE42B3C51FC00D106E4 /* Build configuration list for PBXNativeTarget "WeatherApp" */;
			buildPhases = (
				C930FCB62B3C51FB00D106E4 /* Sources */,
				C930FCB72B3C51FB00D106E4 /* Frameworks */,
				C930FCB82B3C51FB00D106E4 /* Resources */,
			);
			buildRules = (
			);
			dependencies = (
			);
			name = WeatherApp;
			productName = WeatherApp;
			productReference = C930FCBA2B3C51FB00D106E4 /* WeatherApp.app */;
			productType = "com.apple.product-type.application";
		};
		C930FCCF2B3C51FC00D106E4 /* WeatherAppTests */ = {
			isa = PBXNativeTarget;
			buildConfigurationList = C930FCE72B3C51FC00D106E4 /* Build configuration list for PBXNativeTarget "WeatherAppTests" */;
			buildPhases = (
				C930FCCC2B3C51FC00D106E4 /* Sources */,
				C930FCCD2B3C51FC00D106E4 /* Frameworks */,
				C930FCCE2B3C51FC00D106E4 /* Resources */,
			);
			buildRules = (
			);
			dependencies = (
				C930FCD22B3C51FC00D106E4 /* PBXTargetDependency */,
			);
			name = WeatherAppTests;
			productName = WeatherAppTests;
			productReference = C930FCD02B3C51FC00D106E4 /* WeatherAppTests.xctest */;
			productType = "com.apple.product-type.bundle.unit-test";
		};
		C930FCD92B3C51FC00D106E4 /* WeatherAppUITests */ = {
			isa = PBXNativeTarget;
			buildConfigurationList = C930FCEA2B3C51FC00D106E4 /* Build configuration list for PBXNativeTarget "WeatherAppUITests" */;
			buildPhases = (
				C930FCD62B3C51FC00D106E4 /* Sources */,
				C930FCD72B3C51FC00D106E4 /* Frameworks */,
				C930FCD82B3C51FC00D106E4 /* Resources */,
			);
			buildRules = (
			);
			dependencies = (
				C930FCDC2B3C51FC00D106E4 /* PBXTargetDependency */,
			);
			name = WeatherAppUITests;
			productName = WeatherAppUITests;
			productReference = C930FCDA2B3C51FC00D106E4 /* WeatherAppUITests.xctest */;
			productType = "com.apple.product-type.bundle.ui-testing";
		};
/* End PBXNativeTarget section */

/* Begin PBXProject section */
		C930FCB22B3C51FB00D106E4 /* Project object */ = {
			isa = PBXProject;
			attributes = {
				BuildIndependentTargetsInParallel = 1;
				LastSwiftUpdateCheck = 1510;
				LastUpgradeCheck = 1510;
				TargetAttributes = {
					C930FCB92B3C51FB00D106E4 = {
						CreatedOnToolsVersion = 15.1;
					};
					C930FCCF2B3C51FC00D106E4 = {
						CreatedOnToolsVersion = 15.1;
						TestTargetID = C930FCB92B3C51FB00D106E4;
					};
					C930FCD92B3C51FC00D106E4 = {
						CreatedOnToolsVersion = 15.1;
						TestTargetID = C930FCB92B3C51FB00D106E4;
					};
				};
			};
			buildConfigurationList = C930FCB52B3C51FB00D106E4 /* Build configuration list for PBXProject "WeatherApp" */;
			compatibilityVersion = "Xcode 14.0";
			developmentRegion = en;
			hasScannedForEncodings = 0;
			knownRegions = (
				en,
				Base,
			);
			mainGroup = C930FCB12B3C51FB00D106E4;
			productRefGroup = C930FCBB2B3C51FB00D106E4 /* Products */;
			projectDirPath = "";
			projectRoot = "";
			targets = (
				C930FCB92B3C51FB00D106E4 /* WeatherApp */,
				C930FCCF2B3C51FC00D106E4 /* WeatherAppTests */,
				C930FCD92B3C51FC00D106E4 /* WeatherAppUITests */,
			);
		};
/* End PBXProject section */

/* Begin PBXResourcesBuildPhase section */
		C930FCB82B3C51FB00D106E4 /* Resources */ = {
			isa = PBXResourcesBuildPhase;
			buildActionMask = 2147483647;
			files = (
				C930FCCA2B3C51FC00D106E4 /* LaunchScreen.storyboard in Resources */,
				C930FCC72B3C51FC00D106E4 /* Assets.xcassets in Resources */,
			);
			runOnlyForDeploymentPostprocessing = 0;
		};
		C930FCCE2B3C51FC00D106E4 /* Resources */ = {
			isa = PBXResourcesBuildPhase;
			buildActionMask = 2147483647;
			files = (
				C930FD2C2B3DDFAB00D106E4 /* MockJSON.json in Resources */,
				C9372D1F2B47DBC7009C0449 /* StubFailureJSON.json in Resources */,
			);
			runOnlyForDeploymentPostprocessing = 0;
		};
		C930FCD82B3C51FC00D106E4 /* Resources */ = {
			isa = PBXResourcesBuildPhase;
			buildActionMask = 2147483647;
			files = (
			);
			runOnlyForDeploymentPostprocessing = 0;
		};
/* End PBXResourcesBuildPhase section */

/* Begin PBXSourcesBuildPhase section */
		C930FCB62B3C51FB00D106E4 /* Sources */ = {
			isa = PBXSourcesBuildPhase;
			buildActionMask = 2147483647;
			files = (
				C930FD0F2B3D11FE00D106E4 /* Weather.swift in Sources */,
				C930FD172B3D55A700D106E4 /* UIImageExtensions.swift in Sources */,
				C930FD232B3DABAF00D106E4 /* DataPersistence.swift in Sources */,
				C9B6AD9A2B47B3170096F869 /* Utilities.swift in Sources */,
				C930FD302B416EDB00D106E4 /* CityList.swift in Sources */,
				C930FD122B3D167200D106E4 /* WeatherServices.swift in Sources */,
				C930FCBE2B3C51FB00D106E4 /* AppDelegate.swift in Sources */,
				C930FD212B3D936E00D106E4 /* DashboardTableViewCell.swift in Sources */,
				C930FD252B3DBEB500D106E4 /* CityDetailsViewController.swift in Sources */,
				C930FCF32B3C53EB00D106E4 /* DashboardViewController.swift in Sources */,
				C930FD152B3D4FDE00D106E4 /* Errors.swift in Sources */,
				C930FCFF2B3C76E700D106E4 /* Constants.swift in Sources */,
				C930FD082B3C81ED00D106E4 /* DashboardViewModel.swift in Sources */,
				C930FD272B3DC0B900D106E4 /* CityDetailsViewModel.swift in Sources */,
			);
			runOnlyForDeploymentPostprocessing = 0;
		};
		C930FCCC2B3C51FC00D106E4 /* Sources */ = {
			isa = PBXSourcesBuildPhase;
			buildActionMask = 2147483647;
			files = (
				C930FD2A2B3DDD0200D106E4 /* CityDetailsTests.swift in Sources */,
				C9A3705E2B4657F70090F4C4 /* MockWeather.swift in Sources */,
				C9A370612B4659590090F4C4 /* MockServiceCall.swift in Sources */,
				C930FD0D2B3C909E00D106E4 /* DashboardFeaturesTests.swift in Sources */,
				C9A370542B46410B0090F4C4 /* MockServices.swift in Sources */,
				C9A370632B465CB00090F4C4 /* DashboardServicesTests.swift in Sources */,
				C9A370572B4653BC0090F4C4 /* MockURLProtocol.swift in Sources */,
			);
			runOnlyForDeploymentPostprocessing = 0;
		};
		C930FCD62B3C51FC00D106E4 /* Sources */ = {
			isa = PBXSourcesBuildPhase;
			buildActionMask = 2147483647;
			files = (
				C930FCDF2B3C51FC00D106E4 /* WeatherAppUITests.swift in Sources */,
				C930FCE12B3C51FC00D106E4 /* WeatherAppUITestsLaunchTests.swift in Sources */,
			);
			runOnlyForDeploymentPostprocessing = 0;
		};
/* End PBXSourcesBuildPhase section */

/* Begin PBXTargetDependency section */
		C930FCD22B3C51FC00D106E4 /* PBXTargetDependency */ = {
			isa = PBXTargetDependency;
			target = C930FCB92B3C51FB00D106E4 /* WeatherApp */;
			targetProxy = C930FCD12B3C51FC00D106E4 /* PBXContainerItemProxy */;
		};
		C930FCDC2B3C51FC00D106E4 /* PBXTargetDependency */ = {
			isa = PBXTargetDependency;
			target = C930FCB92B3C51FB00D106E4 /* WeatherApp */;
			targetProxy = C930FCDB2B3C51FC00D106E4 /* PBXContainerItemProxy */;
		};
/* End PBXTargetDependency section */

/* Begin PBXVariantGroup section */
		C930FCC82B3C51FC00D106E4 /* LaunchScreen.storyboard */ = {
			isa = PBXVariantGroup;
			children = (
				C930FCC92B3C51FC00D106E4 /* Base */,
			);
			name = LaunchScreen.storyboard;
			sourceTree = "<group>";
		};
/* End PBXVariantGroup section */

/* Begin XCBuildConfiguration section */
		C930FCE22B3C51FC00D106E4 /* Debug */ = {
			isa = XCBuildConfiguration;
			buildSettings = {
				ALWAYS_SEARCH_USER_PATHS = NO;
				ASSETCATALOG_COMPILER_GENERATE_SWIFT_ASSET_SYMBOL_EXTENSIONS = YES;
				CLANG_ANALYZER_NONNULL = YES;
				CLANG_ANALYZER_NUMBER_OBJECT_CONVERSION = YES_AGGRESSIVE;
				CLANG_CXX_LANGUAGE_STANDARD = "gnu++20";
				CLANG_ENABLE_MODULES = YES;
				CLANG_ENABLE_OBJC_ARC = YES;
				CLANG_ENABLE_OBJC_WEAK = YES;
				CLANG_WARN_BLOCK_CAPTURE_AUTORELEASING = YES;
				CLANG_WARN_BOOL_CONVERSION = YES;
				CLANG_WARN_COMMA = YES;
				CLANG_WARN_CONSTANT_CONVERSION = YES;
				CLANG_WARN_DEPRECATED_OBJC_IMPLEMENTATIONS = YES;
				CLANG_WARN_DIRECT_OBJC_ISA_USAGE = YES_ERROR;
				CLANG_WARN_DOCUMENTATION_COMMENTS = YES;
				CLANG_WARN_EMPTY_BODY = YES;
				CLANG_WARN_ENUM_CONVERSION = YES;
				CLANG_WARN_INFINITE_RECURSION = YES;
				CLANG_WARN_INT_CONVERSION = YES;
				CLANG_WARN_NON_LITERAL_NULL_CONVERSION = YES;
				CLANG_WARN_OBJC_IMPLICIT_RETAIN_SELF = YES;
				CLANG_WARN_OBJC_LITERAL_CONVERSION = YES;
				CLANG_WARN_OBJC_ROOT_CLASS = YES_ERROR;
				CLANG_WARN_QUOTED_INCLUDE_IN_FRAMEWORK_HEADER = YES;
				CLANG_WARN_RANGE_LOOP_ANALYSIS = YES;
				CLANG_WARN_STRICT_PROTOTYPES = YES;
				CLANG_WARN_SUSPICIOUS_MOVE = YES;
				CLANG_WARN_UNGUARDED_AVAILABILITY = YES_AGGRESSIVE;
				CLANG_WARN_UNREACHABLE_CODE = YES;
				CLANG_WARN__DUPLICATE_METHOD_MATCH = YES;
				COPY_PHASE_STRIP = NO;
				DEBUG_INFORMATION_FORMAT = dwarf;
				ENABLE_STRICT_OBJC_MSGSEND = YES;
				ENABLE_TESTABILITY = YES;
				ENABLE_USER_SCRIPT_SANDBOXING = YES;
				GCC_C_LANGUAGE_STANDARD = gnu17;
				GCC_DYNAMIC_NO_PIC = NO;
				GCC_NO_COMMON_BLOCKS = YES;
				GCC_OPTIMIZATION_LEVEL = 0;
				GCC_PREPROCESSOR_DEFINITIONS = (
					"DEBUG=1",
					"$(inherited)",
				);
				GCC_WARN_64_TO_32_BIT_CONVERSION = YES;
				GCC_WARN_ABOUT_RETURN_TYPE = YES_ERROR;
				GCC_WARN_UNDECLARED_SELECTOR = YES;
				GCC_WARN_UNINITIALIZED_AUTOS = YES_AGGRESSIVE;
				GCC_WARN_UNUSED_FUNCTION = YES;
				GCC_WARN_UNUSED_VARIABLE = YES;
				IPHONEOS_DEPLOYMENT_TARGET = 17.2;
				LOCALIZATION_PREFERS_STRING_CATALOGS = YES;
				MTL_ENABLE_DEBUG_INFO = INCLUDE_SOURCE;
				MTL_FAST_MATH = YES;
				ONLY_ACTIVE_ARCH = YES;
				SDKROOT = iphoneos;
				SWIFT_ACTIVE_COMPILATION_CONDITIONS = "DEBUG $(inherited)";
				SWIFT_OPTIMIZATION_LEVEL = "-Onone";
			};
			name = Debug;
		};
		C930FCE32B3C51FC00D106E4 /* Release */ = {
			isa = XCBuildConfiguration;
			buildSettings = {
				ALWAYS_SEARCH_USER_PATHS = NO;
				ASSETCATALOG_COMPILER_GENERATE_SWIFT_ASSET_SYMBOL_EXTENSIONS = YES;
				CLANG_ANALYZER_NONNULL = YES;
				CLANG_ANALYZER_NUMBER_OBJECT_CONVERSION = YES_AGGRESSIVE;
				CLANG_CXX_LANGUAGE_STANDARD = "gnu++20";
				CLANG_ENABLE_MODULES = YES;
				CLANG_ENABLE_OBJC_ARC = YES;
				CLANG_ENABLE_OBJC_WEAK = YES;
				CLANG_WARN_BLOCK_CAPTURE_AUTORELEASING = YES;
				CLANG_WARN_BOOL_CONVERSION = YES;
				CLANG_WARN_COMMA = YES;
				CLANG_WARN_CONSTANT_CONVERSION = YES;
				CLANG_WARN_DEPRECATED_OBJC_IMPLEMENTATIONS = YES;
				CLANG_WARN_DIRECT_OBJC_ISA_USAGE = YES_ERROR;
				CLANG_WARN_DOCUMENTATION_COMMENTS = YES;
				CLANG_WARN_EMPTY_BODY = YES;
				CLANG_WARN_ENUM_CONVERSION = YES;
				CLANG_WARN_INFINITE_RECURSION = YES;
				CLANG_WARN_INT_CONVERSION = YES;
				CLANG_WARN_NON_LITERAL_NULL_CONVERSION = YES;
				CLANG_WARN_OBJC_IMPLICIT_RETAIN_SELF = YES;
				CLANG_WARN_OBJC_LITERAL_CONVERSION = YES;
				CLANG_WARN_OBJC_ROOT_CLASS = YES_ERROR;
				CLANG_WARN_QUOTED_INCLUDE_IN_FRAMEWORK_HEADER = YES;
				CLANG_WARN_RANGE_LOOP_ANALYSIS = YES;
				CLANG_WARN_STRICT_PROTOTYPES = YES;
				CLANG_WARN_SUSPICIOUS_MOVE = YES;
				CLANG_WARN_UNGUARDED_AVAILABILITY = YES_AGGRESSIVE;
				CLANG_WARN_UNREACHABLE_CODE = YES;
				CLANG_WARN__DUPLICATE_METHOD_MATCH = YES;
				COPY_PHASE_STRIP = NO;
				DEBUG_INFORMATION_FORMAT = "dwarf-with-dsym";
				ENABLE_NS_ASSERTIONS = NO;
				ENABLE_STRICT_OBJC_MSGSEND = YES;
				ENABLE_USER_SCRIPT_SANDBOXING = YES;
				GCC_C_LANGUAGE_STANDARD = gnu17;
				GCC_NO_COMMON_BLOCKS = YES;
				GCC_WARN_64_TO_32_BIT_CONVERSION = YES;
				GCC_WARN_ABOUT_RETURN_TYPE = YES_ERROR;
				GCC_WARN_UNDECLARED_SELECTOR = YES;
				GCC_WARN_UNINITIALIZED_AUTOS = YES_AGGRESSIVE;
				GCC_WARN_UNUSED_FUNCTION = YES;
				GCC_WARN_UNUSED_VARIABLE = YES;
				IPHONEOS_DEPLOYMENT_TARGET = 17.2;
				LOCALIZATION_PREFERS_STRING_CATALOGS = YES;
				MTL_ENABLE_DEBUG_INFO = NO;
				MTL_FAST_MATH = YES;
				SDKROOT = iphoneos;
				SWIFT_COMPILATION_MODE = wholemodule;
				VALIDATE_PRODUCT = YES;
			};
			name = Release;
		};
		C930FCE52B3C51FC00D106E4 /* Debug */ = {
			isa = XCBuildConfiguration;
			buildSettings = {
				ASSETCATALOG_COMPILER_APPICON_NAME = AppIcon;
				ASSETCATALOG_COMPILER_GLOBAL_ACCENT_COLOR_NAME = AccentColor;
				CODE_SIGN_STYLE = Automatic;
				CURRENT_PROJECT_VERSION = 1;
				DEVELOPMENT_TEAM = KPSX4ZNQH8;
				GENERATE_INFOPLIST_FILE = YES;
				INFOPLIST_FILE = WeatherApp/Info.plist;
				INFOPLIST_KEY_UIApplicationSupportsIndirectInputEvents = YES;
				INFOPLIST_KEY_UILaunchStoryboardName = LaunchScreen;
				INFOPLIST_KEY_UISupportedInterfaceOrientations_iPad = "UIInterfaceOrientationPortrait UIInterfaceOrientationPortraitUpsideDown UIInterfaceOrientationLandscapeLeft UIInterfaceOrientationLandscapeRight";
				INFOPLIST_KEY_UISupportedInterfaceOrientations_iPhone = "UIInterfaceOrientationPortrait UIInterfaceOrientationLandscapeLeft UIInterfaceOrientationLandscapeRight";
				IPHONEOS_DEPLOYMENT_TARGET = 17.0;
				LD_RUNPATH_SEARCH_PATHS = (
					"$(inherited)",
					"@executable_path/Frameworks",
				);
				MARKETING_VERSION = 1.0;
				PRODUCT_BUNDLE_IDENTIFIER = com.leonsoh.WeatherApp;
				PRODUCT_NAME = "$(TARGET_NAME)";
				SWIFT_EMIT_LOC_STRINGS = YES;
				SWIFT_VERSION = 5.0;
				TARGETED_DEVICE_FAMILY = "1,2";
			};
			name = Debug;
		};
		C930FCE62B3C51FC00D106E4 /* Release */ = {
			isa = XCBuildConfiguration;
			buildSettings = {
				ASSETCATALOG_COMPILER_APPICON_NAME = AppIcon;
				ASSETCATALOG_COMPILER_GLOBAL_ACCENT_COLOR_NAME = AccentColor;
				CODE_SIGN_STYLE = Automatic;
				CURRENT_PROJECT_VERSION = 1;
				DEVELOPMENT_TEAM = KPSX4ZNQH8;
				GENERATE_INFOPLIST_FILE = YES;
				INFOPLIST_FILE = WeatherApp/Info.plist;
				INFOPLIST_KEY_UIApplicationSupportsIndirectInputEvents = YES;
				INFOPLIST_KEY_UILaunchStoryboardName = LaunchScreen;
				INFOPLIST_KEY_UISupportedInterfaceOrientations_iPad = "UIInterfaceOrientationPortrait UIInterfaceOrientationPortraitUpsideDown UIInterfaceOrientationLandscapeLeft UIInterfaceOrientationLandscapeRight";
				INFOPLIST_KEY_UISupportedInterfaceOrientations_iPhone = "UIInterfaceOrientationPortrait UIInterfaceOrientationLandscapeLeft UIInterfaceOrientationLandscapeRight";
				IPHONEOS_DEPLOYMENT_TARGET = 17.0;
				LD_RUNPATH_SEARCH_PATHS = (
					"$(inherited)",
					"@executable_path/Frameworks",
				);
				MARKETING_VERSION = 1.0;
				PRODUCT_BUNDLE_IDENTIFIER = com.leonsoh.WeatherApp;
				PRODUCT_NAME = "$(TARGET_NAME)";
				SWIFT_EMIT_LOC_STRINGS = YES;
				SWIFT_VERSION = 5.0;
				TARGETED_DEVICE_FAMILY = "1,2";
			};
			name = Release;
		};
		C930FCE82B3C51FC00D106E4 /* Debug */ = {
			isa = XCBuildConfiguration;
			buildSettings = {
				ALWAYS_EMBED_SWIFT_STANDARD_LIBRARIES = YES;
				BUNDLE_LOADER = "$(TEST_HOST)";
				CODE_SIGN_STYLE = Automatic;
				CURRENT_PROJECT_VERSION = 1;
				DEVELOPMENT_TEAM = KPSX4ZNQH8;
				GENERATE_INFOPLIST_FILE = YES;
				IPHONEOS_DEPLOYMENT_TARGET = 17.2;
				MARKETING_VERSION = 1.0;
				PRODUCT_BUNDLE_IDENTIFIER = com.leonsoh.WeatherAppTests;
				PRODUCT_NAME = "$(TARGET_NAME)";
				SWIFT_EMIT_LOC_STRINGS = NO;
				SWIFT_VERSION = 5.0;
				TARGETED_DEVICE_FAMILY = "1,2";
				TEST_HOST = "$(BUILT_PRODUCTS_DIR)/WeatherApp.app/$(BUNDLE_EXECUTABLE_FOLDER_PATH)/WeatherApp";
			};
			name = Debug;
		};
		C930FCE92B3C51FC00D106E4 /* Release */ = {
			isa = XCBuildConfiguration;
			buildSettings = {
				ALWAYS_EMBED_SWIFT_STANDARD_LIBRARIES = YES;
				BUNDLE_LOADER = "$(TEST_HOST)";
				CODE_SIGN_STYLE = Automatic;
				CURRENT_PROJECT_VERSION = 1;
				DEVELOPMENT_TEAM = KPSX4ZNQH8;
				GENERATE_INFOPLIST_FILE = YES;
				IPHONEOS_DEPLOYMENT_TARGET = 17.2;
				MARKETING_VERSION = 1.0;
				PRODUCT_BUNDLE_IDENTIFIER = com.leonsoh.WeatherAppTests;
				PRODUCT_NAME = "$(TARGET_NAME)";
				SWIFT_EMIT_LOC_STRINGS = NO;
				SWIFT_VERSION = 5.0;
				TARGETED_DEVICE_FAMILY = "1,2";
				TEST_HOST = "$(BUILT_PRODUCTS_DIR)/WeatherApp.app/$(BUNDLE_EXECUTABLE_FOLDER_PATH)/WeatherApp";
			};
			name = Release;
		};
		C930FCEB2B3C51FC00D106E4 /* Debug */ = {
			isa = XCBuildConfiguration;
			buildSettings = {
				ALWAYS_EMBED_SWIFT_STANDARD_LIBRARIES = YES;
				CODE_SIGN_STYLE = Automatic;
				CURRENT_PROJECT_VERSION = 1;
				DEVELOPMENT_TEAM = KPSX4ZNQH8;
				GENERATE_INFOPLIST_FILE = YES;
				MARKETING_VERSION = 1.0;
				PRODUCT_BUNDLE_IDENTIFIER = com.leonsoh.WeatherAppUITests;
				PRODUCT_NAME = "$(TARGET_NAME)";
				SWIFT_EMIT_LOC_STRINGS = NO;
				SWIFT_VERSION = 5.0;
				TARGETED_DEVICE_FAMILY = "1,2";
				TEST_TARGET_NAME = WeatherApp;
			};
			name = Debug;
		};
		C930FCEC2B3C51FC00D106E4 /* Release */ = {
			isa = XCBuildConfiguration;
			buildSettings = {
				ALWAYS_EMBED_SWIFT_STANDARD_LIBRARIES = YES;
				CODE_SIGN_STYLE = Automatic;
				CURRENT_PROJECT_VERSION = 1;
				DEVELOPMENT_TEAM = KPSX4ZNQH8;
				GENERATE_INFOPLIST_FILE = YES;
				MARKETING_VERSION = 1.0;
				PRODUCT_BUNDLE_IDENTIFIER = com.leonsoh.WeatherAppUITests;
				PRODUCT_NAME = "$(TARGET_NAME)";
				SWIFT_EMIT_LOC_STRINGS = NO;
				SWIFT_VERSION = 5.0;
				TARGETED_DEVICE_FAMILY = "1,2";
				TEST_TARGET_NAME = WeatherApp;
			};
			name = Release;
		};
/* End XCBuildConfiguration section */

/* Begin XCConfigurationList section */
		C930FCB52B3C51FB00D106E4 /* Build configuration list for PBXProject "WeatherApp" */ = {
			isa = XCConfigurationList;
			buildConfigurations = (
				C930FCE22B3C51FC00D106E4 /* Debug */,
				C930FCE32B3C51FC00D106E4 /* Release */,
			);
			defaultConfigurationIsVisible = 0;
			defaultConfigurationName = Release;
		};
		C930FCE42B3C51FC00D106E4 /* Build configuration list for PBXNativeTarget "WeatherApp" */ = {
			isa = XCConfigurationList;
			buildConfigurations = (
				C930FCE52B3C51FC00D106E4 /* Debug */,
				C930FCE62B3C51FC00D106E4 /* Release */,
			);
			defaultConfigurationIsVisible = 0;
			defaultConfigurationName = Release;
		};
		C930FCE72B3C51FC00D106E4 /* Build configuration list for PBXNativeTarget "WeatherAppTests" */ = {
			isa = XCConfigurationList;
			buildConfigurations = (
				C930FCE82B3C51FC00D106E4 /* Debug */,
				C930FCE92B3C51FC00D106E4 /* Release */,
			);
			defaultConfigurationIsVisible = 0;
			defaultConfigurationName = Release;
		};
		C930FCEA2B3C51FC00D106E4 /* Build configuration list for PBXNativeTarget "WeatherAppUITests" */ = {
			isa = XCConfigurationList;
			buildConfigurations = (
				C930FCEB2B3C51FC00D106E4 /* Debug */,
				C930FCEC2B3C51FC00D106E4 /* Release */,
			);
			defaultConfigurationIsVisible = 0;
			defaultConfigurationName = Release;
		};
/* End XCConfigurationList section */
	};
	rootObject = C930FCB22B3C51FB00D106E4 /* Project object */;
}
